
Microsoft Visual Studio Solution File, Format Version 12.00
# Visual Studio Version 17
VisualStudioVersion = 17.7.34221.43
MinimumVisualStudioVersion = 10.0.40219.1
Project("{FAE04EC0-301F-11D3-BF4B-00C04F79EFBC}") = "Pharmacy Management System", "SEProject\Pharmacy Management System.csproj", "{6ED55375-21D4-4347-A668-75EF317FB718}"
EndProject
Global
	GlobalSection(SolutionConfigurationPlatforms) = preSolution
		Debug|Any CPU = Debug|Any CPU
		Release|Any CPU = Release|Any CPU
	EndGlobalSection
	GlobalSection(ProjectConfigurationPlatforms) = postSolution
		{6ED55375-21D4-4347-A668-75EF317FB718}.Debug|Any CPU.ActiveCfg = Debug|Any CPU
		{6ED55375-21D4-4347-A668-75EF317FB718}.Debug|Any CPU.Build.0 = Debug|Any CPU
		{6ED55375-21D4-4347-A668-75EF317FB718}.Release|Any CPU.ActiveCfg = Release|Any CPU
		{6ED55375-21D4-4347-A668-75EF317FB718}.Release|Any CPU.Build.0 = Release|Any CPU
	EndGlobalSection
	GlobalSection(SolutionProperties) = preSolution
		HideSolutionNode = FALSE
	EndGlobalSection
	GlobalSection(ExtensibilityGlobals) = postSolution
		SolutionGuid = {455DAFC9-DF81-470A-8AF1-8E3D3F97F2E2}
	EndGlobalSection
EndGlobal
